
Microsoft Visual Studio Solution File, Format Version 12.00
# Visual Studio Version 16
VisualStudioVersion = 16.0.29519.87
MinimumVisualStudioVersion = 10.0.40219.1
Project("{FAE04EC0-301F-11D3-BF4B-00C04F79EFBC}") = "AntiAFK", "AntiAFK\AntiAFK.csproj", "{891E9CB1-1ADD-49D2-9829-7866D2380666}"
EndProject
Project("{FAE04EC0-301F-11D3-BF4B-00C04F79EFBC}") = "Keyboard", "Keyboard\Keyboard.csproj", "{FE61AD51-A5BC-4133-8657-AE21D1B98AFE}"
EndProject
Project("{FAE04EC0-301F-11D3-BF4B-00C04F79EFBC}") = "AutoChatting", "AutoChatting\AutoChatting.csproj", "{423DF7DA-BB32-4631-8D94-68D4AF4A9676}"
EndProject
Project("{FAE04EC0-301F-11D3-BF4B-00C04F79EFBC}") = "AutoFarm", "AutoFarm\AutoFarm.csproj", "{D8D169B2-7254-4827-BE26-D9396D7FE274}"
EndProject
Global
	GlobalSection(SolutionConfigurationPlatforms) = preSolution
		Debug|Any CPU = Debug|Any CPU
		Release|Any CPU = Release|Any CPU
	EndGlobalSection
	GlobalSection(ProjectConfigurationPlatforms) = postSolution
		{891E9CB1-1ADD-49D2-9829-7866D2380666}.Debug|Any CPU.ActiveCfg = Debug|Any CPU
		{891E9CB1-1ADD-49D2-9829-7866D2380666}.Debug|Any CPU.Build.0 = Debug|Any CPU
		{891E9CB1-1ADD-49D2-9829-7866D2380666}.Release|Any CPU.ActiveCfg = Release|Any CPU
		{891E9CB1-1ADD-49D2-9829-7866D2380666}.Release|Any CPU.Build.0 = Release|Any CPU
		{FE61AD51-A5BC-4133-8657-AE21D1B98AFE}.Debug|Any CPU.ActiveCfg = Debug|Any CPU
		{FE61AD51-A5BC-4133-8657-AE21D1B98AFE}.Debug|Any CPU.Build.0 = Debug|Any CPU
		{FE61AD51-A5BC-4133-8657-AE21D1B98AFE}.Release|Any CPU.ActiveCfg = Release|Any CPU
		{FE61AD51-A5BC-4133-8657-AE21D1B98AFE}.Release|Any CPU.Build.0 = Release|Any CPU
		{423DF7DA-BB32-4631-8D94-68D4AF4A9676}.Debug|Any CPU.ActiveCfg = Debug|Any CPU
		{423DF7DA-BB32-4631-8D94-68D4AF4A9676}.Debug|Any CPU.Build.0 = Debug|Any CPU
		{423DF7DA-BB32-4631-8D94-68D4AF4A9676}.Release|Any CPU.ActiveCfg = Release|Any CPU
		{423DF7DA-BB32-4631-8D94-68D4AF4A9676}.Release|Any CPU.Build.0 = Release|Any CPU
		{D8D169B2-7254-4827-BE26-D9396D7FE274}.Debug|Any CPU.ActiveCfg = Debug|Any CPU
		{D8D169B2-7254-4827-BE26-D9396D7FE274}.Debug|Any CPU.Build.0 = Debug|Any CPU
		{D8D169B2-7254-4827-BE26-D9396D7FE274}.Release|Any CPU.ActiveCfg = Release|Any CPU
		{D8D169B2-7254-4827-BE26-D9396D7FE274}.Release|Any CPU.Build.0 = Release|Any CPU
	EndGlobalSection
	GlobalSection(SolutionProperties) = preSolution
		HideSolutionNode = FALSE
	EndGlobalSection
	GlobalSection(ExtensibilityGlobals) = postSolution
		SolutionGuid = {B0DBBB6B-383C-4C90-A18D-C06D6AD4CA40}
	EndGlobalSection
EndGlobal
